// !$*UTF8*$!
{
	archiveVersion = 1;
	classes = {
	};
	objectVersion = 46;
	objects = {

/* Begin PBXBuildFile section */
		375FD8B91DC88BF3008A1BCF /* main.m in Sources */ = {isa = PBXBuildFile; fileRef = 375FD8B81DC88BF3008A1BCF /* main.m */; };
		375FD8BC1DC88BF3008A1BCF /* AppDelegate.m in Sources */ = {isa = PBXBuildFile; fileRef = 375FD8BB1DC88BF3008A1BCF /* AppDelegate.m */; };
		375FD8BF1DC88BF3008A1BCF /* ViewController.m in Sources */ = {isa = PBXBuildFile; fileRef = 375FD8BE1DC88BF3008A1BCF /* ViewController.m */; };
		375FD8C21DC88BF3008A1BCF /* Main.storyboard in Resources */ = {isa = PBXBuildFile; fileRef = 375FD8C01DC88BF3008A1BCF /* Main.storyboard */; };
		375FD8C41DC88BF3008A1BCF /* Assets.xcassets in Resources */ = {isa = PBXBuildFile; fileRef = 375FD8C31DC88BF3008A1BCF /* Assets.xcassets */; };
		375FD8C71DC88BF3008A1BCF /* LaunchScreen.storyboard in Resources */ = {isa = PBXBuildFile; fileRef = 375FD8C51DC88BF3008A1BCF /* LaunchScreen.storyboard */; };
		375FD8D21DC88EB0008A1BCF /* libUMessage_Sdk_1.4.0.a in Frameworks */ = {isa = PBXBuildFile; fileRef = 375FD8D01DC88EB0008A1BCF /* libUMessage_Sdk_1.4.0.a */; };
		37A6C2B41DC9B8B600AB7D12 /* AppDelegate+CCPush.m in Sources */ = {isa = PBXBuildFile; fileRef = 37A6C2B31DC9B8B600AB7D12 /* AppDelegate+CCPush.m */; };
		37A6C2B91DC9BB9F00AB7D12 /* CCCommonDefine.m in Sources */ = {isa = PBXBuildFile; fileRef = 37A6C2B71DC9BB9F00AB7D12 /* CCCommonDefine.m */; };
/* End PBXBuildFile section */

/* Begin PBXFileReference section */
		375FD8B41DC88BF3008A1BCF /* UMENG_PUSH.app */ = {isa = PBXFileReference; explicitFileType = wrapper.application; includeInIndex = 0; path = UMENG_PUSH.app; sourceTree = BUILT_PRODUCTS_DIR; };
		375FD8B81DC88BF3008A1BCF /* main.m */ = {isa = PBXFileReference; lastKnownFileType = sourcecode.c.objc; path = main.m; sourceTree = "<group>"; };
		375FD8BA1DC88BF3008A1BCF /* AppDelegate.h */ = {isa = PBXFileReference; lastKnownFileType = sourcecode.c.h; path = AppDelegate.h; sourceTree = "<group>"; };
		375FD8BB1DC88BF3008A1BCF /* AppDelegate.m */ = {isa = PBXFileReference; lastKnownFileType = sourcecode.c.objc; path = AppDelegate.m; sourceTree = "<group>"; };
		375FD8BD1DC88BF3008A1BCF /* ViewController.h */ = {isa = PBXFileReference; lastKnownFileType = sourcecode.c.h; path = ViewController.h; sourceTree = "<group>"; };
		375FD8BE1DC88BF3008A1BCF /* ViewController.m */ = {isa = PBXFileReference; lastKnownFileType = sourcecode.c.objc; path = ViewController.m; sourceTree = "<group>"; };
		375FD8C11DC88BF3008A1BCF /* Base */ = {isa = PBXFileReference; lastKnownFileType = file.storyboard; name = Base; path = Base.lproj/Main.storyboard; sourceTree = "<group>"; };
		375FD8C31DC88BF3008A1BCF /* Assets.xcassets */ = {isa = PBXFileReference; lastKnownFileType = folder.assetcatalog; path = Assets.xcassets; sourceTree = "<group>"; };
		375FD8C61DC88BF3008A1BCF /* Base */ = {isa = PBXFileReference; lastKnownFileType = file.storyboard; name = Base; path = Base.lproj/LaunchScreen.storyboard; sourceTree = "<group>"; };
		375FD8C81DC88BF3008A1BCF /* Info.plist */ = {isa = PBXFileReference; lastKnownFileType = text.plist.xml; path = Info.plist; sourceTree = "<group>"; };
		375FD8D01DC88EB0008A1BCF /* libUMessage_Sdk_1.4.0.a */ = {isa = PBXFileReference; lastKnownFileType = archive.ar; path = libUMessage_Sdk_1.4.0.a; sourceTree = "<group>"; };
		375FD8D11DC88EB0008A1BCF /* UMessage.h */ = {isa = PBXFileReference; fileEncoding = 4; lastKnownFileType = sourcecode.c.h; path = UMessage.h; sourceTree = "<group>"; };
		375FD8D31DC89247008A1BCF /* UMENG_PUSH.entitlements */ = {isa = PBXFileReference; lastKnownFileType = text.plist.entitlements; path = UMENG_PUSH.entitlements; sourceTree = "<group>"; };
		37A6C2B21DC9B8B600AB7D12 /* AppDelegate+CCPush.h */ = {isa = PBXFileReference; fileEncoding = 4; lastKnownFileType = sourcecode.c.h; path = "AppDelegate+CCPush.h"; sourceTree = "<group>"; };
		37A6C2B31DC9B8B600AB7D12 /* AppDelegate+CCPush.m */ = {isa = PBXFileReference; fileEncoding = 4; lastKnownFileType = sourcecode.c.objc; path = "AppDelegate+CCPush.m"; sourceTree = "<group>"; };
		37A6C2B61DC9BB9F00AB7D12 /* CCCommonDefine.h */ = {isa = PBXFileReference; fileEncoding = 4; lastKnownFileType = sourcecode.c.h; path = CCCommonDefine.h; sourceTree = "<group>"; };
		37A6C2B71DC9BB9F00AB7D12 /* CCCommonDefine.m */ = {isa = PBXFileReference; fileEncoding = 4; lastKnownFileType = sourcecode.c.objc; path = CCCommonDefine.m; sourceTree = "<group>"; };
		37A6C2B81DC9BB9F00AB7D12 /* Macro.pch */ = {isa = PBXFileReference; fileEncoding = 4; lastKnownFileType = sourcecode.c.h; path = Macro.pch; sourceTree = "<group>"; };
/* End PBXFileReference section */

/* Begin PBXFrameworksBuildPhase section */
		375FD8B11DC88BF3008A1BCF /* Frameworks */ = {
			isa = PBXFrameworksBuildPhase;
			buildActionMask = 2147483647;
			files = (
				375FD8D21DC88EB0008A1BCF /* libUMessage_Sdk_1.4.0.a in Frameworks */,
			);
			runOnlyForDeploymentPostprocessing = 0;
		};
/* End PBXFrameworksBuildPhase section */

/* Begin PBXGroup section */
		375FD8AB1DC88BF3008A1BCF = {
			isa = PBXGroup;
			children = (
				375FD8B61DC88BF3008A1BCF /* UMENG_PUSH */,
				375FD8B51DC88BF3008A1BCF /* Products */,
			);
			sourceTree = "<group>";
		};
		375FD8B51DC88BF3008A1BCF /* Products */ = {
			isa = PBXGroup;
			children = (
				375FD8B41DC88BF3008A1BCF /* UMENG_PUSH.app */,
			);
			name = Products;
			sourceTree = "<group>";
		};
		375FD8B61DC88BF3008A1BCF /* UMENG_PUSH */ = {
			isa = PBXGroup;
			children = (
				375FD8D31DC89247008A1BCF /* UMENG_PUSH.entitlements */,
				37A6C2B51DC9BB9F00AB7D12 /* Macro */,
				375FD8CE1DC88EB0008A1BCF /* Vendors */,
				375FD8BA1DC88BF3008A1BCF /* AppDelegate.h */,
				375FD8BB1DC88BF3008A1BCF /* AppDelegate.m */,
				37A6C2B21DC9B8B600AB7D12 /* AppDelegate+CCPush.h */,
				37A6C2B31DC9B8B600AB7D12 /* AppDelegate+CCPush.m */,
				375FD8BD1DC88BF3008A1BCF /* ViewController.h */,
				375FD8BE1DC88BF3008A1BCF /* ViewController.m */,
				375FD8C01DC88BF3008A1BCF /* Main.storyboard */,
				375FD8C31DC88BF3008A1BCF /* Assets.xcassets */,
				375FD8C51DC88BF3008A1BCF /* LaunchScreen.storyboard */,
				375FD8C81DC88BF3008A1BCF /* Info.plist */,
				375FD8B71DC88BF3008A1BCF /* Supporting Files */,
			);
			path = UMENG_PUSH;
			sourceTree = "<group>";
		};
		375FD8B71DC88BF3008A1BCF /* Supporting Files */ = {
			isa = PBXGroup;
			children = (
				375FD8B81DC88BF3008A1BCF /* main.m */,
			);
			name = "Supporting Files";
			sourceTree = "<group>";
		};
		375FD8CE1DC88EB0008A1BCF /* Vendors */ = {
			isa = PBXGroup;
			children = (
				375FD8CF1DC88EB0008A1BCF /* UMessage_Sdk_1.4.0 */,
			);
			path = Vendors;
			sourceTree = "<group>";
		};
		375FD8CF1DC88EB0008A1BCF /* UMessage_Sdk_1.4.0 */ = {
			isa = PBXGroup;
			children = (
				375FD8D01DC88EB0008A1BCF /* libUMessage_Sdk_1.4.0.a */,
				375FD8D11DC88EB0008A1BCF /* UMessage.h */,
			);
			path = UMessage_Sdk_1.4.0;
			sourceTree = "<group>";
		};
		37A6C2B51DC9BB9F00AB7D12 /* Macro */ = {
			isa = PBXGroup;
			children = (
				37A6C2B81DC9BB9F00AB7D12 /* Macro.pch */,
				37A6C2B61DC9BB9F00AB7D12 /* CCCommonDefine.h */,
				37A6C2B71DC9BB9F00AB7D12 /* CCCommonDefine.m */,
			);
			path = Macro;
			sourceTree = "<group>";
		};
/* End PBXGroup section */

/* Begin PBXNativeTarget section */
		375FD8B31DC88BF3008A1BCF /* UMENG_PUSH */ = {
			isa = PBXNativeTarget;
			buildConfigurationList = 375FD8CB1DC88BF3008A1BCF /* Build configuration list for PBXNativeTarget "UMENG_PUSH" */;
			buildPhases = (
				375FD8B01DC88BF3008A1BCF /* Sources */,
				375FD8B11DC88BF3008A1BCF /* Frameworks */,
				375FD8B21DC88BF3008A1BCF /* Resources */,
			);
			buildRules = (
			);
			dependencies = (
			);
			name = UMENG_PUSH;
			productName = UMENG_PUSH;
			productReference = 375FD8B41DC88BF3008A1BCF /* UMENG_PUSH.app */;
			productType = "com.apple.product-type.application";
		};
/* End PBXNativeTarget section */

/* Begin PBXProject section */
		375FD8AC1DC88BF3008A1BCF /* Project object */ = {
			isa = PBXProject;
			attributes = {
				LastUpgradeCheck = 0800;
				ORGANIZATIONNAME = "冯明庆";
				TargetAttributes = {
					375FD8B31DC88BF3008A1BCF = {
						CreatedOnToolsVersion = 8.0;
						DevelopmentTeam = 9V59M3JYPE;
						ProvisioningStyle = Automatic;
						SystemCapabilities = {
							com.apple.BackgroundModes = {
								enabled = 1;
							};
							com.apple.Push = {
								enabled = 1;
							};
						};
					};
				};
			};
			buildConfigurationList = 375FD8AF1DC88BF3008A1BCF /* Build configuration list for PBXProject "UMENG_PUSH" */;
			compatibilityVersion = "Xcode 3.2";
			developmentRegion = English;
			hasScannedForEncodings = 0;
			knownRegions = (
				en,
				Base,
			);
			mainGroup = 375FD8AB1DC88BF3008A1BCF;
			productRefGroup = 375FD8B51DC88BF3008A1BCF /* Products */;
			projectDirPath = "";
			projectRoot = "";
			targets = (
				375FD8B31DC88BF3008A1BCF /* UMENG_PUSH */,
			);
		};
/* End PBXProject section */

/* Begin PBXResourcesBuildPhase section */
		375FD8B21DC88BF3008A1BCF /* Resources */ = {
			isa = PBXResourcesBuildPhase;
			buildActionMask = 2147483647;
			files = (
				375FD8C71DC88BF3008A1BCF /* LaunchScreen.storyboard in Resources */,
				375FD8C41DC88BF3008A1BCF /* Assets.xcassets in Resources */,
				375FD8C21DC88BF3008A1BCF /* Main.storyboard in Resources */,
			);
			runOnlyForDeploymentPostprocessing = 0;
		};
/* End PBXResourcesBuildPhase section */

/* Begin PBXSourcesBuildPhase section */
		375FD8B01DC88BF3008A1BCF /* Sources */ = {
			isa = PBXSourcesBuildPhase;
			buildActionMask = 2147483647;
			files = (
				37A6C2B41DC9B8B600AB7D12 /* AppDelegate+CCPush.m in Sources */,
				375FD8BF1DC88BF3008A1BCF /* ViewController.m in Sources */,
				37A6C2B91DC9BB9F00AB7D12 /* CCCommonDefine.m in Sources */,
				375FD8BC1DC88BF3008A1BCF /* AppDelegate.m in Sources */,
				375FD8B91DC88BF3008A1BCF /* main.m in Sources */,
			);
			runOnlyForDeploymentPostprocessing = 0;
		};
/* End PBXSourcesBuildPhase section */

/* Begin PBXVariantGroup section */
		375FD8C01DC88BF3008A1BCF /* Main.storyboard */ = {
			isa = PBXVariantGroup;
			children = (
				375FD8C11DC88BF3008A1BCF /* Base */,
			);
			name = Main.storyboard;
			sourceTree = "<group>";
		};
		375FD8C51DC88BF3008A1BCF /* LaunchScreen.storyboard */ = {
			isa = PBXVariantGroup;
			children = (
				375FD8C61DC88BF3008A1BCF /* Base */,
			);
			name = LaunchScreen.storyboard;
			sourceTree = "<group>";
		};
/* End PBXVariantGroup section */

/* Begin XCBuildConfiguration section */
		375FD8C91DC88BF3008A1BCF /* Debug */ = {
			isa = XCBuildConfiguration;
			buildSettings = {
				ALWAYS_SEARCH_USER_PATHS = NO;
				CLANG_ANALYZER_NONNULL = YES;
				CLANG_CXX_LANGUAGE_STANDARD = "gnu++0x";
				CLANG_CXX_LIBRARY = "libc++";
				CLANG_ENABLE_MODULES = YES;
				CLANG_ENABLE_OBJC_ARC = YES;
				CLANG_WARN_BOOL_CONVERSION = YES;
				CLANG_WARN_CONSTANT_CONVERSION = YES;
				CLANG_WARN_DIRECT_OBJC_ISA_USAGE = YES_ERROR;
				CLANG_WARN_DOCUMENTATION_COMMENTS = YES;
				CLANG_WARN_EMPTY_BODY = YES;
				CLANG_WARN_ENUM_CONVERSION = YES;
				CLANG_WARN_INFINITE_RECURSION = YES;
				CLANG_WARN_INT_CONVERSION = YES;
				CLANG_WARN_OBJC_ROOT_CLASS = YES_ERROR;
				CLANG_WARN_SUSPICIOUS_MOVES = YES;
				CLANG_WARN_UNREACHABLE_CODE = YES;
				CLANG_WARN__DUPLICATE_METHOD_MATCH = YES;
				"CODE_SIGN_IDENTITY[sdk=iphoneos*]" = "iPhone Developer";
				COPY_PHASE_STRIP = NO;
				DEBUG_INFORMATION_FORMAT = dwarf;
				ENABLE_STRICT_OBJC_MSGSEND = YES;
				ENABLE_TESTABILITY = YES;
				GCC_C_LANGUAGE_STANDARD = gnu99;
				GCC_DYNAMIC_NO_PIC = NO;
				GCC_NO_COMMON_BLOCKS = YES;
				GCC_OPTIMIZATION_LEVEL = 0;
				GCC_PREPROCESSOR_DEFINITIONS = (
					"DEBUG=1",
					"$(inherited)",
				);
				GCC_WARN_64_TO_32_BIT_CONVERSION = YES;
				GCC_WARN_ABOUT_RETURN_TYPE = YES_ERROR;
				GCC_WARN_UNDECLARED_SELECTOR = YES;
				GCC_WARN_UNINITIALIZED_AUTOS = YES_AGGRESSIVE;
				GCC_WARN_UNUSED_FUNCTION = YES;
				GCC_WARN_UNUSED_VARIABLE = YES;
				IPHONEOS_DEPLOYMENT_TARGET = 10.0;
				MTL_ENABLE_DEBUG_INFO = YES;
				ONLY_ACTIVE_ARCH = YES;
				SDKROOT = iphoneos;
				TARGETED_DEVICE_FAMILY = "1,2";
			};
			name = Debug;
		};
		375FD8CA1DC88BF3008A1BCF /* Release */ = {
			isa = XCBuildConfiguration;
			buildSettings = {
				ALWAYS_SEARCH_USER_PATHS = NO;
				CLANG_ANALYZER_NONNULL = YES;
				CLANG_CXX_LANGUAGE_STANDARD = "gnu++0x";
				CLANG_CXX_LIBRARY = "libc++";
				CLANG_ENABLE_MODULES = YES;
				CLANG_ENABLE_OBJC_ARC = YES;
				CLANG_WARN_BOOL_CONVERSION = YES;
				CLANG_WARN_CONSTANT_CONVERSION = YES;
				CLANG_WARN_DIRECT_OBJC_ISA_USAGE = YES_ERROR;
				CLANG_WARN_DOCUMENTATION_COMMENTS = YES;
				CLANG_WARN_EMPTY_BODY = YES;
				CLANG_WARN_ENUM_CONVERSION = YES;
				CLANG_WARN_INFINITE_RECURSION = YES;
				CLANG_WARN_INT_CONVERSION = YES;
				CLANG_WARN_OBJC_ROOT_CLASS = YES_ERROR;
				CLANG_WARN_SUSPICIOUS_MOVES = YES;
				CLANG_WARN_UNREACHABLE_CODE = YES;
				CLANG_WARN__DUPLICATE_METHOD_MATCH = YES;
				"CODE_SIGN_IDENTITY[sdk=iphoneos*]" = "iPhone Developer";
				COPY_PHASE_STRIP = NO;
				DEBUG_INFORMATION_FORMAT = "dwarf-with-dsym";
				ENABLE_NS_ASSERTIONS = NO;
				ENABLE_STRICT_OBJC_MSGSEND = YES;
				GCC_C_LANGUAGE_STANDARD = gnu99;
				GCC_NO_COMMON_BLOCKS = YES;
				GCC_WARN_64_TO_32_BIT_CONVERSION = YES;
				GCC_WARN_ABOUT_RETURN_TYPE = YES_ERROR;
				GCC_WARN_UNDECLARED_SELECTOR = YES;
				GCC_WARN_UNINITIALIZED_AUTOS = YES_AGGRESSIVE;
				GCC_WARN_UNUSED_FUNCTION = YES;
				GCC_WARN_UNUSED_VARIABLE = YES;
				IPHONEOS_DEPLOYMENT_TARGET = 10.0;
				MTL_ENABLE_DEBUG_INFO = NO;
				SDKROOT = iphoneos;
				TARGETED_DEVICE_FAMILY = "1,2";
				VALIDATE_PRODUCT = YES;
			};
			name = Release;
		};
		375FD8CC1DC88BF3008A1BCF /* Debug */ = {
			isa = XCBuildConfiguration;
			buildSettings = {
				ASSETCATALOG_COMPILER_APPICON_NAME = AppIcon;
				CODE_SIGN_ENTITLEMENTS = UMENG_PUSH/UMENG_PUSH.entitlements;
				"CODE_SIGN_IDENTITY[sdk=iphoneos*]" = "iPhone Developer";
				DEVELOPMENT_TEAM = 9V59M3JYPE;
				GCC_PRECOMPILE_PREFIX_HEADER = YES;
				GCC_PREFIX_HEADER = "$(SRCROOT)/UMENG_PUSH/Macro/Macro.pch";
				INFOPLIST_FILE = UMENG_PUSH/Info.plist;
				IPHONEOS_DEPLOYMENT_TARGET = 8.0;
				LD_RUNPATH_SEARCH_PATHS = "$(inherited) @executable_path/Frameworks";
				LIBRARY_SEARCH_PATHS = (
					"$(inherited)",
					"$(PROJECT_DIR)/UMENG_PUSH/Vendors/UMessage_Sdk_1.4.0",
				);
				PRODUCT_BUNDLE_IDENTIFIER = "ElwinFrederick.UMENG-PUSH.CC";
				PRODUCT_NAME = "$(TARGET_NAME)";
				TARGETED_DEVICE_FAMILY = 1;
			};
			name = Debug;
		};
		375FD8CD1DC88BF3008A1BCF /* Release */ = {
			isa = XCBuildConfiguration;
			buildSettings = {
				ASSETCATALOG_COMPILER_APPICON_NAME = AppIcon;
				CODE_SIGN_ENTITLEMENTS = UMENG_PUSH/UMENG_PUSH.entitlements;
				"CODE_SIGN_IDENTITY[sdk=iphoneos*]" = "iPhone Developer";
				DEVELOPMENT_TEAM = 9V59M3JYPE;
				GCC_PRECOMPILE_PREFIX_HEADER = YES;
				GCC_PREFIX_HEADER = "$(SRCROOT)/UMENG_PUSH/Macro/Macro.pch";
				INFOPLIST_FILE = UMENG_PUSH/Info.plist;
				IPHONEOS_DEPLOYMENT_TARGET = 8.0;
				LD_RUNPATH_SEARCH_PATHS = "$(inherited) @executable_path/Frameworks";
				LIBRARY_SEARCH_PATHS = (
					"$(inherited)",
					"$(PROJECT_DIR)/UMENG_PUSH/Vendors/UMessage_Sdk_1.4.0",
				);
				PRODUCT_BUNDLE_IDENTIFIER = "ElwinFrederick.UMENG-PUSH.CC";
				PRODUCT_NAME = "$(TARGET_NAME)";
				TARGETED_DEVICE_FAMILY = 1;
			};
			name = Release;
		};
/* End XCBuildConfiguration section */

/* Begin XCConfigurationList section */
		375FD8AF1DC88BF3008A1BCF /* Build configuration list for PBXProject "UMENG_PUSH" */ = {
			isa = XCConfigurationList;
			buildConfigurations = (
				375FD8C91DC88BF3008A1BCF /* Debug */,
				375FD8CA1DC88BF3008A1BCF /* Release */,
			);
			defaultConfigurationIsVisible = 0;
			defaultConfigurationName = Release;
		};
		375FD8CB1DC88BF3008A1BCF /* Build configuration list for PBXNativeTarget "UMENG_PUSH" */ = {
			isa = XCConfigurationList;
			buildConfigurations = (
				375FD8CC1DC88BF3008A1BCF /* Debug */,
				375FD8CD1DC88BF3008A1BCF /* Release */,
			);
			defaultConfigurationIsVisible = 0;
			defaultConfigurationName = Release;
		};
/* End XCConfigurationList section */
	};
	rootObject = 375FD8AC1DC88BF3008A1BCF /* Project object */;
}
